// !$*UTF8*$!
{
	archiveVersion = 1;
	classes = {
	};
	objectVersion = 56;
	objects = {

/* Begin PBXBuildFile section */
		D43C27722C8CF2EB003D249C /* EmojiExplosionApp.swift in Sources */ = {isa = PBXBuildFile; fileRef = D43C27712C8CF2EB003D249C /* EmojiExplosionApp.swift */; };
		D43C27762C8CF2EC003D249C /* Assets.xcassets in Resources */ = {isa = PBXBuildFile; fileRef = D43C27752C8CF2EC003D249C /* Assets.xcassets */; };
		D43C27792C8CF2EC003D249C /* Preview Assets.xcassets in Resources */ = {isa = PBXBuildFile; fileRef = D43C27782C8CF2EC003D249C /* Preview Assets.xcassets */; };
		D43C27802C8CF340003D249C /* FeedView.swift in Sources */ = {isa = PBXBuildFile; fileRef = D43C277F2C8CF340003D249C /* FeedView.swift */; };
		D43C27842C8CF378003D249C /* Post.swift in Sources */ = {isa = PBXBuildFile; fileRef = D43C27832C8CF378003D249C /* Post.swift */; };
		D43C27862C8CF385003D249C /* PostView.swift in Sources */ = {isa = PBXBuildFile; fileRef = D43C27852C8CF385003D249C /* PostView.swift */; };
		D43C27882C8CF393003D249C /* EmojiExplosionView.swift in Sources */ = {isa = PBXBuildFile; fileRef = D43C27872C8CF393003D249C /* EmojiExplosionView.swift */; };
		D43C278A2C8CF3A8003D249C /* Emoji.swift in Sources */ = {isa = PBXBuildFile; fileRef = D43C27892C8CF3A8003D249C /* Emoji.swift */; };
/* End PBXBuildFile section */

/* Begin PBXFileReference section */
		D43C276E2C8CF2EB003D249C /* EmojiExplosion.app */ = {isa = PBXFileReference; explicitFileType = wrapper.application; includeInIndex = 0; path = EmojiExplosion.app; sourceTree = BUILT_PRODUCTS_DIR; };
		D43C27712C8CF2EB003D249C /* EmojiExplosionApp.swift */ = {isa = PBXFileReference; lastKnownFileType = sourcecode.swift; path = EmojiExplosionApp.swift; sourceTree = "<group>"; };
		D43C27752C8CF2EC003D249C /* Assets.xcassets */ = {isa = PBXFileReference; lastKnownFileType = folder.assetcatalog; path = Assets.xcassets; sourceTree = "<group>"; };
		D43C27782C8CF2EC003D249C /* Preview Assets.xcassets */ = {isa = PBXFileReference; lastKnownFileType = folder.assetcatalog; path = "Preview Assets.xcassets"; sourceTree = "<group>"; };
		D43C277F2C8CF340003D249C /* FeedView.swift */ = {isa = PBXFileReference; lastKnownFileType = sourcecode.swift; path = FeedView.swift; sourceTree = "<group>"; };
		D43C27832C8CF378003D249C /* Post.swift */ = {isa = PBXFileReference; lastKnownFileType = sourcecode.swift; path = Post.swift; sourceTree = "<group>"; };
		D43C27852C8CF385003D249C /* PostView.swift */ = {isa = PBXFileReference; lastKnownFileType = sourcecode.swift; path = PostView.swift; sourceTree = "<group>"; };
		D43C27872C8CF393003D249C /* EmojiExplosionView.swift */ = {isa = PBXFileReference; lastKnownFileType = sourcecode.swift; path = EmojiExplosionView.swift; sourceTree = "<group>"; };
		D43C27892C8CF3A8003D249C /* Emoji.swift */ = {isa = PBXFileReference; lastKnownFileType = sourcecode.swift; path = Emoji.swift; sourceTree = "<group>"; };
/* End PBXFileReference section */

/* Begin PBXFrameworksBuildPhase section */
		D43C276B2C8CF2EB003D249C /* Frameworks */ = {
			isa = PBXFrameworksBuildPhase;
			buildActionMask = 2147483647;
			files = (
			);
			runOnlyForDeploymentPostprocessing = 0;
		};
/* End PBXFrameworksBuildPhase section */

/* Begin PBXGroup section */
		D43C27652C8CF2EB003D249C = {
			isa = PBXGroup;
			children = (
				D43C27702C8CF2EB003D249C /* EmojiExplosion */,
				D43C276F2C8CF2EB003D249C /* Products */,
			);
			sourceTree = "<group>";
		};
		D43C276F2C8CF2EB003D249C /* Products */ = {
			isa = PBXGroup;
			children = (
				D43C276E2C8CF2EB003D249C /* EmojiExplosion.app */,
			);
			name = Products;
			sourceTree = "<group>";
		};
		D43C27702C8CF2EB003D249C /* EmojiExplosion */ = {
			isa = PBXGroup;
			children = (
				D43C27712C8CF2EB003D249C /* EmojiExplosionApp.swift */,
				D43C27822C8CF369003D249C /* Models */,
				D43C27812C8CF362003D249C /* Views */,
				D43C27752C8CF2EC003D249C /* Assets.xcassets */,
				D43C27772C8CF2EC003D249C /* Preview Content */,
			);
			path = EmojiExplosion;
			sourceTree = "<group>";
		};
		D43C27772C8CF2EC003D249C /* Preview Content */ = {
			isa = PBXGroup;
			children = (
				D43C27782C8CF2EC003D249C /* Preview Assets.xcassets */,
			);
			path = "Preview Content";
			sourceTree = "<group>";
		};
		D43C27812C8CF362003D249C /* Views */ = {
			isa = PBXGroup;
			children = (
				D43C27872C8CF393003D249C /* EmojiExplosionView.swift */,
				D43C277F2C8CF340003D249C /* FeedView.swift */,
				D43C27852C8CF385003D249C /* PostView.swift */,
			);
			path = Views;
			sourceTree = "<group>";
		};
		D43C27822C8CF369003D249C /* Models */ = {
			isa = PBXGroup;
			children = (
				D43C27832C8CF378003D249C /* Post.swift */,
				D43C27892C8CF3A8003D249C /* Emoji.swift */,
			);
			path = Models;
			sourceTree = "<group>";
		};
/* End PBXGroup section */

/* Begin PBXNativeTarget section */
		D43C276D2C8CF2EB003D249C /* EmojiExplosion */ = {
			isa = PBXNativeTarget;
			buildConfigurationList = D43C277C2C8CF2EC003D249C /* Build configuration list for PBXNativeTarget "EmojiExplosion" */;
			buildPhases = (
				D43C276A2C8CF2EB003D249C /* Sources */,
				D43C276B2C8CF2EB003D249C /* Frameworks */,
				D43C276C2C8CF2EB003D249C /* Resources */,
			);
			buildRules = (
			);
			dependencies = (
			);
			name = EmojiExplosion;
			productName = EmojiExplosion;
			productReference = D43C276E2C8CF2EB003D249C /* EmojiExplosion.app */;
			productType = "com.apple.product-type.application";
		};
/* End PBXNativeTarget section */

/* Begin PBXProject section */
		D43C27662C8CF2EB003D249C /* Project object */ = {
			isa = PBXProject;
			attributes = {
				BuildIndependentTargetsInParallel = 1;
				LastSwiftUpdateCheck = 1540;
				LastUpgradeCheck = 1540;
				TargetAttributes = {
					D43C276D2C8CF2EB003D249C = {
						CreatedOnToolsVersion = 15.4;
					};
				};
			};
			buildConfigurationList = D43C27692C8CF2EB003D249C /* Build configuration list for PBXProject "EmojiExplosion" */;
			compatibilityVersion = "Xcode 14.0";
			developmentRegion = en;
			hasScannedForEncodings = 0;
			knownRegions = (
				en,
				Base,
			);
			mainGroup = D43C27652C8CF2EB003D249C;
			productRefGroup = D43C276F2C8CF2EB003D249C /* Products */;
			projectDirPath = "";
			projectRoot = "";
			targets = (
				D43C276D2C8CF2EB003D249C /* EmojiExplosion */,
			);
		};
/* End PBXProject section */

/* Begin PBXResourcesBuildPhase section */
		D43C276C2C8CF2EB003D249C /* Resources */ = {
			isa = PBXResourcesBuildPhase;
			buildActionMask = 2147483647;
			files = (
				D43C27792C8CF2EC003D249C /* Preview Assets.xcassets in Resources */,
				D43C27762C8CF2EC003D249C /* Assets.xcassets in Resources */,
			);
			runOnlyForDeploymentPostprocessing = 0;
		};
/* End PBXResourcesBuildPhase section */

/* Begin PBXSourcesBuildPhase section */
		D43C276A2C8CF2EB003D249C /* Sources */ = {
			isa = PBXSourcesBuildPhase;
			buildActionMask = 2147483647;
			files = (
				D43C278A2C8CF3A8003D249C /* Emoji.swift in Sources */,
				D43C27802C8CF340003D249C /* FeedView.swift in Sources */,
				D43C27722C8CF2EB003D249C /* EmojiExplosionApp.swift in Sources */,
				D43C27882C8CF393003D249C /* EmojiExplosionView.swift in Sources */,
				D43C27862C8CF385003D249C /* PostView.swift in Sources */,
				D43C27842C8CF378003D249C /* Post.swift in Sources */,
			);
			runOnlyForDeploymentPostprocessing = 0;
		};
/* End PBXSourcesBuildPhase section */

/* Begin XCBuildConfiguration section */
		D43C277A2C8CF2EC003D249C /* Debug */ = {
			isa = XCBuildConfiguration;
			buildSettings = {
				ALWAYS_SEARCH_USER_PATHS = NO;
				ASSETCATALOG_COMPILER_GENERATE_SWIFT_ASSET_SYMBOL_EXTENSIONS = YES;
				CLANG_ANALYZER_NONNULL = YES;
				CLANG_ANALYZER_NUMBER_OBJECT_CONVERSION = YES_AGGRESSIVE;
				CLANG_CXX_LANGUAGE_STANDARD = "gnu++20";
				CLANG_ENABLE_MODULES = YES;
				CLANG_ENABLE_OBJC_ARC = YES;
				CLANG_ENABLE_OBJC_WEAK = YES;
				CLANG_WARN_BLOCK_CAPTURE_AUTORELEASING = YES;
				CLANG_WARN_BOOL_CONVERSION = YES;
				CLANG_WARN_COMMA = YES;
				CLANG_WARN_CONSTANT_CONVERSION = YES;
				CLANG_WARN_DEPRECATED_OBJC_IMPLEMENTATIONS = YES;
				CLANG_WARN_DIRECT_OBJC_ISA_USAGE = YES_ERROR;
				CLANG_WARN_DOCUMENTATION_COMMENTS = YES;
				CLANG_WARN_EMPTY_BODY = YES;
				CLANG_WARN_ENUM_CONVERSION = YES;
				CLANG_WARN_INFINITE_RECURSION = YES;
				CLANG_WARN_INT_CONVERSION = YES;
				CLANG_WARN_NON_LITERAL_NULL_CONVERSION = YES;
				CLANG_WARN_OBJC_IMPLICIT_RETAIN_SELF = YES;
				CLANG_WARN_OBJC_LITERAL_CONVERSION = YES;
				CLANG_WARN_OBJC_ROOT_CLASS = YES_ERROR;
				CLANG_WARN_QUOTED_INCLUDE_IN_FRAMEWORK_HEADER = YES;
				CLANG_WARN_RANGE_LOOP_ANALYSIS = YES;
				CLANG_WARN_STRICT_PROTOTYPES = YES;
				CLANG_WARN_SUSPICIOUS_MOVE = YES;
				CLANG_WARN_UNGUARDED_AVAILABILITY = YES_AGGRESSIVE;
				CLANG_WARN_UNREACHABLE_CODE = YES;
				CLANG_WARN__DUPLICATE_METHOD_MATCH = YES;
				COPY_PHASE_STRIP = NO;
				DEBUG_INFORMATION_FORMAT = dwarf;
				ENABLE_STRICT_OBJC_MSGSEND = YES;
				ENABLE_TESTABILITY = YES;
				ENABLE_USER_SCRIPT_SANDBOXING = YES;
				GCC_C_LANGUAGE_STANDARD = gnu17;
				GCC_DYNAMIC_NO_PIC = NO;
				GCC_NO_COMMON_BLOCKS = YES;
				GCC_OPTIMIZATION_LEVEL = 0;
				GCC_PREPROCESSOR_DEFINITIONS = (
					"DEBUG=1",
					"$(inherited)",
				);
				GCC_WARN_64_TO_32_BIT_CONVERSION = YES;
				GCC_WARN_ABOUT_RETURN_TYPE = YES_ERROR;
				GCC_WARN_UNDECLARED_SELECTOR = YES;
				GCC_WARN_UNINITIALIZED_AUTOS = YES_AGGRESSIVE;
				GCC_WARN_UNUSED_FUNCTION = YES;
				GCC_WARN_UNUSED_VARIABLE = YES;
				IPHONEOS_DEPLOYMENT_TARGET = 17.5;
				LOCALIZATION_PREFERS_STRING_CATALOGS = YES;
				MTL_ENABLE_DEBUG_INFO = INCLUDE_SOURCE;
				MTL_FAST_MATH = YES;
				ONLY_ACTIVE_ARCH = YES;
				SDKROOT = iphoneos;
				SWIFT_ACTIVE_COMPILATION_CONDITIONS = "DEBUG $(inherited)";
				SWIFT_OPTIMIZATION_LEVEL = "-Onone";
			};
			name = Debug;
		};
		D43C277B2C8CF2EC003D249C /* Release */ = {
			isa = XCBuildConfiguration;
			buildSettings = {
				ALWAYS_SEARCH_USER_PATHS = NO;
				ASSETCATALOG_COMPILER_GENERATE_SWIFT_ASSET_SYMBOL_EXTENSIONS = YES;
				CLANG_ANALYZER_NONNULL = YES;
				CLANG_ANALYZER_NUMBER_OBJECT_CONVERSION = YES_AGGRESSIVE;
				CLANG_CXX_LANGUAGE_STANDARD = "gnu++20";
				CLANG_ENABLE_MODULES = YES;
				CLANG_ENABLE_OBJC_ARC = YES;
				CLANG_ENABLE_OBJC_WEAK = YES;
				CLANG_WARN_BLOCK_CAPTURE_AUTORELEASING = YES;
				CLANG_WARN_BOOL_CONVERSION = YES;
				CLANG_WARN_COMMA = YES;
				CLANG_WARN_CONSTANT_CONVERSION = YES;
				CLANG_WARN_DEPRECATED_OBJC_IMPLEMENTATIONS = YES;
				CLANG_WARN_DIRECT_OBJC_ISA_USAGE = YES_ERROR;
				CLANG_WARN_DOCUMENTATION_COMMENTS = YES;
				CLANG_WARN_EMPTY_BODY = YES;
				CLANG_WARN_ENUM_CONVERSION = YES;
				CLANG_WARN_INFINITE_RECURSION = YES;
				CLANG_WARN_INT_CONVERSION = YES;
				CLANG_WARN_NON_LITERAL_NULL_CONVERSION = YES;
				CLANG_WARN_OBJC_IMPLICIT_RETAIN_SELF = YES;
				CLANG_WARN_OBJC_LITERAL_CONVERSION = YES;
				CLANG_WARN_OBJC_ROOT_CLASS = YES_ERROR;
				CLANG_WARN_QUOTED_INCLUDE_IN_FRAMEWORK_HEADER = YES;
				CLANG_WARN_RANGE_LOOP_ANALYSIS = YES;
				CLANG_WARN_STRICT_PROTOTYPES = YES;
				CLANG_WARN_SUSPICIOUS_MOVE = YES;
				CLANG_WARN_UNGUARDED_AVAILABILITY = YES_AGGRESSIVE;
				CLANG_WARN_UNREACHABLE_CODE = YES;
				CLANG_WARN__DUPLICATE_METHOD_MATCH = YES;
				COPY_PHASE_STRIP = NO;
				DEBUG_INFORMATION_FORMAT = "dwarf-with-dsym";
				ENABLE_NS_ASSERTIONS = NO;
				ENABLE_STRICT_OBJC_MSGSEND = YES;
				ENABLE_USER_SCRIPT_SANDBOXING = YES;
				GCC_C_LANGUAGE_STANDARD = gnu17;
				GCC_NO_COMMON_BLOCKS = YES;
				GCC_WARN_64_TO_32_BIT_CONVERSION = YES;
				GCC_WARN_ABOUT_RETURN_TYPE = YES_ERROR;
				GCC_WARN_UNDECLARED_SELECTOR = YES;
				GCC_WARN_UNINITIALIZED_AUTOS = YES_AGGRESSIVE;
				GCC_WARN_UNUSED_FUNCTION = YES;
				GCC_WARN_UNUSED_VARIABLE = YES;
				IPHONEOS_DEPLOYMENT_TARGET = 17.5;
				LOCALIZATION_PREFERS_STRING_CATALOGS = YES;
				MTL_ENABLE_DEBUG_INFO = NO;
				MTL_FAST_MATH = YES;
				SDKROOT = iphoneos;
				SWIFT_COMPILATION_MODE = wholemodule;
				VALIDATE_PRODUCT = YES;
			};
			name = Release;
		};
		D43C277D2C8CF2EC003D249C /* Debug */ = {
			isa = XCBuildConfiguration;
			buildSettings = {
				ASSETCATALOG_COMPILER_APPICON_NAME = AppIcon;
				ASSETCATALOG_COMPILER_GLOBAL_ACCENT_COLOR_NAME = AccentColor;
				CODE_SIGN_STYLE = Automatic;
				CURRENT_PROJECT_VERSION = 1;
				DEVELOPMENT_ASSET_PATHS = "\"EmojiExplosion/Preview Content\"";
				DEVELOPMENT_TEAM = A689S8Z884;
				ENABLE_PREVIEWS = YES;
				GENERATE_INFOPLIST_FILE = YES;
				INFOPLIST_KEY_UIApplicationSceneManifest_Generation = YES;
				INFOPLIST_KEY_UIApplicationSupportsIndirectInputEvents = YES;
				INFOPLIST_KEY_UILaunchScreen_Generation = YES;
				INFOPLIST_KEY_UISupportedInterfaceOrientations_iPad = "UIInterfaceOrientationPortrait UIInterfaceOrientationPortraitUpsideDown UIInterfaceOrientationLandscapeLeft UIInterfaceOrientationLandscapeRight";
				INFOPLIST_KEY_UISupportedInterfaceOrientations_iPhone = "UIInterfaceOrientationPortrait UIInterfaceOrientationLandscapeLeft UIInterfaceOrientationLandscapeRight";
				LD_RUNPATH_SEARCH_PATHS = (
					"$(inherited)",
					"@executable_path/Frameworks",
				);
				MARKETING_VERSION = 1.0;
				PRODUCT_BUNDLE_IDENTIFIER = dev.salmont.EmojiExplosion;
				PRODUCT_NAME = "$(TARGET_NAME)";
				SWIFT_EMIT_LOC_STRINGS = YES;
				SWIFT_VERSION = 5.0;
				TARGETED_DEVICE_FAMILY = "1,2";
			};
			name = Debug;
		};
		D43C277E2C8CF2EC003D249C /* Release */ = {
			isa = XCBuildConfiguration;
			buildSettings = {
				ASSETCATALOG_COMPILER_APPICON_NAME = AppIcon;
				ASSETCATALOG_COMPILER_GLOBAL_ACCENT_COLOR_NAME = AccentColor;
				CODE_SIGN_STYLE = Automatic;
				CURRENT_PROJECT_VERSION = 1;
				DEVELOPMENT_ASSET_PATHS = "\"EmojiExplosion/Preview Content\"";
				DEVELOPMENT_TEAM = A689S8Z884;
				ENABLE_PREVIEWS = YES;
				GENERATE_INFOPLIST_FILE = YES;
				INFOPLIST_KEY_UIApplicationSceneManifest_Generation = YES;
				INFOPLIST_KEY_UIApplicationSupportsIndirectInputEvents = YES;
				INFOPLIST_KEY_UILaunchScreen_Generation = YES;
				INFOPLIST_KEY_UISupportedInterfaceOrientations_iPad = "UIInterfaceOrientationPortrait UIInterfaceOrientationPortraitUpsideDown UIInterfaceOrientationLandscapeLeft UIInterfaceOrientationLandscapeRight";
				INFOPLIST_KEY_UISupportedInterfaceOrientations_iPhone = "UIInterfaceOrientationPortrait UIInterfaceOrientationLandscapeLeft UIInterfaceOrientationLandscapeRight";
				LD_RUNPATH_SEARCH_PATHS = (
					"$(inherited)",
					"@executable_path/Frameworks",
				);
				MARKETING_VERSION = 1.0;
				PRODUCT_BUNDLE_IDENTIFIER = dev.salmont.EmojiExplosion;
				PRODUCT_NAME = "$(TARGET_NAME)";
				SWIFT_EMIT_LOC_STRINGS = YES;
				SWIFT_VERSION = 5.0;
				TARGETED_DEVICE_FAMILY = "1,2";
			};
			name = Release;
		};
/* End XCBuildConfiguration section */

/* Begin XCConfigurationList section */
		D43C27692C8CF2EB003D249C /* Build configuration list for PBXProject "EmojiExplosion" */ = {
			isa = XCConfigurationList;
			buildConfigurations = (
				D43C277A2C8CF2EC003D249C /* Debug */,
				D43C277B2C8CF2EC003D249C /* Release */,
			);
			defaultConfigurationIsVisible = 0;
			defaultConfigurationName = Release;
		};
		D43C277C2C8CF2EC003D249C /* Build configuration list for PBXNativeTarget "EmojiExplosion" */ = {
			isa = XCConfigurationList;
			buildConfigurations = (
				D43C277D2C8CF2EC003D249C /* Debug */,
				D43C277E2C8CF2EC003D249C /* Release */,
			);
			defaultConfigurationIsVisible = 0;
			defaultConfigurationName = Release;
		};
/* End XCConfigurationList section */
	};
	rootObject = D43C27662C8CF2EB003D249C /* Project object */;
}
